
Microsoft Visual Studio Solution File, Format Version 12.00
# Visual Studio Version 17
VisualStudioVersion = 17.4.33205.214
MinimumVisualStudioVersion = 10.0.40219.1
Project("{FAE04EC0-301F-11D3-BF4B-00C04F79EFBC}") = "Czf.Wa.Initiatives", "Czf.Wa.Initiatives\Czf.Wa.Initiatives.csproj", "{52E6807E-1C3D-42E7-9570-15668A65EB89}"
EndProject
Project("{FAE04EC0-301F-11D3-BF4B-00C04F79EFBC}") = "Czf.Wa.Initiatives.Test", "Czf.Wa.Initiatives.Test\Czf.Wa.Initiatives.Test.csproj", "{6E903F01-2965-47C7-A6B4-2CE2D339AB8B}"
EndProject
Global
	GlobalSection(SolutionConfigurationPlatforms) = preSolution
		Debug|Any CPU = Debug|Any CPU
		Release|Any CPU = Release|Any CPU
	EndGlobalSection
	GlobalSection(ProjectConfigurationPlatforms) = postSolution
		{52E6807E-1C3D-42E7-9570-15668A65EB89}.Debug|Any CPU.ActiveCfg = Debug|Any CPU
		{52E6807E-1C3D-42E7-9570-15668A65EB89}.Debug|Any CPU.Build.0 = Debug|Any CPU
		{52E6807E-1C3D-42E7-9570-15668A65EB89}.Release|Any CPU.ActiveCfg = Release|Any CPU
		{52E6807E-1C3D-42E7-9570-15668A65EB89}.Release|Any CPU.Build.0 = Release|Any CPU
		{6E903F01-2965-47C7-A6B4-2CE2D339AB8B}.Debug|Any CPU.ActiveCfg = Debug|Any CPU
		{6E903F01-2965-47C7-A6B4-2CE2D339AB8B}.Debug|Any CPU.Build.0 = Debug|Any CPU
		{6E903F01-2965-47C7-A6B4-2CE2D339AB8B}.Release|Any CPU.ActiveCfg = Release|Any CPU
		{6E903F01-2965-47C7-A6B4-2CE2D339AB8B}.Release|Any CPU.Build.0 = Release|Any CPU
	EndGlobalSection
	GlobalSection(SolutionProperties) = preSolution
		HideSolutionNode = FALSE
	EndGlobalSection
	GlobalSection(ExtensibilityGlobals) = postSolution
		SolutionGuid = {9A24B4BA-EAD0-44C1-B621-7F7A81AC3120}
	EndGlobalSection
EndGlobal
